// !$*UTF8*$!
{
	archiveVersion = 1;
	classes = {
	};
	objectVersion = 56;
	objects = {

/* Begin PBXBuildFile section */
		A31DAA332B712B4300C6FBDD /* FetchAllProductsUseCase.swift in Sources */ = {isa = PBXBuildFile; fileRef = A31DAA322B712B4300C6FBDD /* FetchAllProductsUseCase.swift */; };
		A31DAA362B712B6600C6FBDD /* ProductRepository.swift in Sources */ = {isa = PBXBuildFile; fileRef = A31DAA352B712B6600C6FBDD /* ProductRepository.swift */; };
		A31DAA392B712BF300C6FBDD /* FetchAllProductsResponse.swift in Sources */ = {isa = PBXBuildFile; fileRef = A31DAA382B712BF300C6FBDD /* FetchAllProductsResponse.swift */; };
		A31DAA3D2B712CFB00C6FBDD /* PProductRepository.swift in Sources */ = {isa = PBXBuildFile; fileRef = A31DAA3C2B712CFB00C6FBDD /* PProductRepository.swift */; };
		A31DAA3F2B720BB900C6FBDD /* CartCheckoutView.swift in Sources */ = {isa = PBXBuildFile; fileRef = A31DAA3E2B720BB900C6FBDD /* CartCheckoutView.swift */; };
		A31DAA412B720F1500C6FBDD /* RadioButtonView.swift in Sources */ = {isa = PBXBuildFile; fileRef = A31DAA402B720F1500C6FBDD /* RadioButtonView.swift */; };
		A31DAA432B72185B00C6FBDD /* PaymentMethod.swift in Sources */ = {isa = PBXBuildFile; fileRef = A31DAA422B72185B00C6FBDD /* PaymentMethod.swift */; };
		A32023C62B709357001627AE /* HomeViewModel.swift in Sources */ = {isa = PBXBuildFile; fileRef = A32023C52B709357001627AE /* HomeViewModel.swift */; };
		A32023C92B709659001627AE /* ProductDetailsView.swift in Sources */ = {isa = PBXBuildFile; fileRef = A32023C82B709659001627AE /* ProductDetailsView.swift */; };
		A37FB2592B6CAD7400F6414D /* ProductCardView.swift in Sources */ = {isa = PBXBuildFile; fileRef = A37FB2582B6CAD7400F6414D /* ProductCardView.swift */; };
		A37FB25C2B6CADC700F6414D /* KeyVariables.swift in Sources */ = {isa = PBXBuildFile; fileRef = A37FB25B2B6CADC700F6414D /* KeyVariables.swift */; };
		A37FB25E2B6CC31000F6414D /* CartProductView.swift in Sources */ = {isa = PBXBuildFile; fileRef = A37FB25D2B6CC31000F6414D /* CartProductView.swift */; };
		A39CC8012B70B12F0002CE28 /* Haptics.swift in Sources */ = {isa = PBXBuildFile; fileRef = A39CC8002B70B12F0002CE28 /* Haptics.swift */; };
		A39CC8042B70B4EF0002CE28 /* AllFurnituresView.swift in Sources */ = {isa = PBXBuildFile; fileRef = A39CC8032B70B4EF0002CE28 /* AllFurnituresView.swift */; };
		A39CC80A2B70DC790002CE28 /* ProductModel.swift in Sources */ = {isa = PBXBuildFile; fileRef = A39CC8092B70DC790002CE28 /* ProductModel.swift */; };
		A3DA0C332B6A101800B0D2F0 /* Furniture_AppApp.swift in Sources */ = {isa = PBXBuildFile; fileRef = A3DA0C322B6A101800B0D2F0 /* Furniture_AppApp.swift */; };
		A3DA0C352B6A101800B0D2F0 /* ContentView.swift in Sources */ = {isa = PBXBuildFile; fileRef = A3DA0C342B6A101800B0D2F0 /* ContentView.swift */; };
		A3DA0C372B6A101900B0D2F0 /* Assets.xcassets in Resources */ = {isa = PBXBuildFile; fileRef = A3DA0C362B6A101900B0D2F0 /* Assets.xcassets */; };
		A3DA0C3A2B6A101900B0D2F0 /* Preview Assets.xcassets in Resources */ = {isa = PBXBuildFile; fileRef = A3DA0C392B6A101900B0D2F0 /* Preview Assets.xcassets */; };
		A3DA0C472B6A137C00B0D2F0 /* Tab.swift in Sources */ = {isa = PBXBuildFile; fileRef = A3DA0C462B6A137C00B0D2F0 /* Tab.swift */; };
		A3DA0C492B6A14C300B0D2F0 /* TabBarView.swift in Sources */ = {isa = PBXBuildFile; fileRef = A3DA0C482B6A14C300B0D2F0 /* TabBarView.swift */; };
		A3DA0C4F2B6A1BAC00B0D2F0 /* HomeView.swift in Sources */ = {isa = PBXBuildFile; fileRef = A3DA0C4E2B6A1BAC00B0D2F0 /* HomeView.swift */; };
		A3DA0C532B6A1BDE00B0D2F0 /* CartView.swift in Sources */ = {isa = PBXBuildFile; fileRef = A3DA0C522B6A1BDE00B0D2F0 /* CartView.swift */; };
		A3DA0C552B6A1BE800B0D2F0 /* ProfileView.swift in Sources */ = {isa = PBXBuildFile; fileRef = A3DA0C542B6A1BE800B0D2F0 /* ProfileView.swift */; };
		A3DA0C582B6A64F700B0D2F0 /* Product.swift in Sources */ = {isa = PBXBuildFile; fileRef = A3DA0C572B6A64F700B0D2F0 /* Product.swift */; };
		A3DA0C5A2B6A6C0C00B0D2F0 /* DynamicCarouselDotsView.swift in Sources */ = {isa = PBXBuildFile; fileRef = A3DA0C592B6A6C0C00B0D2F0 /* DynamicCarouselDotsView.swift */; };
		A3DA0C5C2B6A6C6D00B0D2F0 /* DynamicDots.swift in Sources */ = {isa = PBXBuildFile; fileRef = A3DA0C5B2B6A6C6D00B0D2F0 /* DynamicDots.swift */; };
		A3DA0C5E2B6A6FAA00B0D2F0 /* CartViewModel.swift in Sources */ = {isa = PBXBuildFile; fileRef = A3DA0C5D2B6A6FAA00B0D2F0 /* CartViewModel.swift */; };
/* End PBXBuildFile section */

/* Begin PBXFileReference section */
		A31DAA322B712B4300C6FBDD /* FetchAllProductsUseCase.swift */ = {isa = PBXFileReference; lastKnownFileType = sourcecode.swift; path = FetchAllProductsUseCase.swift; sourceTree = "<group>"; };
		A31DAA352B712B6600C6FBDD /* ProductRepository.swift */ = {isa = PBXFileReference; lastKnownFileType = sourcecode.swift; path = ProductRepository.swift; sourceTree = "<group>"; };
		A31DAA382B712BF300C6FBDD /* FetchAllProductsResponse.swift */ = {isa = PBXFileReference; lastKnownFileType = sourcecode.swift; path = FetchAllProductsResponse.swift; sourceTree = "<group>"; };
		A31DAA3C2B712CFB00C6FBDD /* PProductRepository.swift */ = {isa = PBXFileReference; lastKnownFileType = sourcecode.swift; path = PProductRepository.swift; sourceTree = "<group>"; };
		A31DAA3E2B720BB900C6FBDD /* CartCheckoutView.swift */ = {isa = PBXFileReference; lastKnownFileType = sourcecode.swift; path = CartCheckoutView.swift; sourceTree = "<group>"; };
		A31DAA402B720F1500C6FBDD /* RadioButtonView.swift */ = {isa = PBXFileReference; lastKnownFileType = sourcecode.swift; path = RadioButtonView.swift; sourceTree = "<group>"; };
		A31DAA422B72185B00C6FBDD /* PaymentMethod.swift */ = {isa = PBXFileReference; lastKnownFileType = sourcecode.swift; path = PaymentMethod.swift; sourceTree = "<group>"; };
		A32023C52B709357001627AE /* HomeViewModel.swift */ = {isa = PBXFileReference; lastKnownFileType = sourcecode.swift; path = HomeViewModel.swift; sourceTree = "<group>"; };
		A32023C82B709659001627AE /* ProductDetailsView.swift */ = {isa = PBXFileReference; lastKnownFileType = sourcecode.swift; path = ProductDetailsView.swift; sourceTree = "<group>"; };
		A37FB2582B6CAD7400F6414D /* ProductCardView.swift */ = {isa = PBXFileReference; lastKnownFileType = sourcecode.swift; path = ProductCardView.swift; sourceTree = "<group>"; };
		A37FB25B2B6CADC700F6414D /* KeyVariables.swift */ = {isa = PBXFileReference; lastKnownFileType = sourcecode.swift; path = KeyVariables.swift; sourceTree = "<group>"; };
		A37FB25D2B6CC31000F6414D /* CartProductView.swift */ = {isa = PBXFileReference; lastKnownFileType = sourcecode.swift; path = CartProductView.swift; sourceTree = "<group>"; };
		A39CC8002B70B12F0002CE28 /* Haptics.swift */ = {isa = PBXFileReference; lastKnownFileType = sourcecode.swift; path = Haptics.swift; sourceTree = "<group>"; };
		A39CC8032B70B4EF0002CE28 /* AllFurnituresView.swift */ = {isa = PBXFileReference; lastKnownFileType = sourcecode.swift; path = AllFurnituresView.swift; sourceTree = "<group>"; };
		A39CC8092B70DC790002CE28 /* ProductModel.swift */ = {isa = PBXFileReference; lastKnownFileType = sourcecode.swift; path = ProductModel.swift; sourceTree = "<group>"; };
		A3DA0C2F2B6A101800B0D2F0 /* Furniture App.app */ = {isa = PBXFileReference; explicitFileType = wrapper.application; includeInIndex = 0; path = "Furniture App.app"; sourceTree = BUILT_PRODUCTS_DIR; };
		A3DA0C322B6A101800B0D2F0 /* Furniture_AppApp.swift */ = {isa = PBXFileReference; lastKnownFileType = sourcecode.swift; path = Furniture_AppApp.swift; sourceTree = "<group>"; };
		A3DA0C342B6A101800B0D2F0 /* ContentView.swift */ = {isa = PBXFileReference; lastKnownFileType = sourcecode.swift; path = ContentView.swift; sourceTree = "<group>"; };
		A3DA0C362B6A101900B0D2F0 /* Assets.xcassets */ = {isa = PBXFileReference; lastKnownFileType = folder.assetcatalog; path = Assets.xcassets; sourceTree = "<group>"; };
		A3DA0C392B6A101900B0D2F0 /* Preview Assets.xcassets */ = {isa = PBXFileReference; lastKnownFileType = folder.assetcatalog; path = "Preview Assets.xcassets"; sourceTree = "<group>"; };
		A3DA0C462B6A137C00B0D2F0 /* Tab.swift */ = {isa = PBXFileReference; lastKnownFileType = sourcecode.swift; path = Tab.swift; sourceTree = "<group>"; };
		A3DA0C482B6A14C300B0D2F0 /* TabBarView.swift */ = {isa = PBXFileReference; lastKnownFileType = sourcecode.swift; path = TabBarView.swift; sourceTree = "<group>"; };
		A3DA0C4E2B6A1BAC00B0D2F0 /* HomeView.swift */ = {isa = PBXFileReference; lastKnownFileType = sourcecode.swift; path = HomeView.swift; sourceTree = "<group>"; };
		A3DA0C522B6A1BDE00B0D2F0 /* CartView.swift */ = {isa = PBXFileReference; lastKnownFileType = sourcecode.swift; path = CartView.swift; sourceTree = "<group>"; };
		A3DA0C542B6A1BE800B0D2F0 /* ProfileView.swift */ = {isa = PBXFileReference; lastKnownFileType = sourcecode.swift; path = ProfileView.swift; sourceTree = "<group>"; };
		A3DA0C572B6A64F700B0D2F0 /* Product.swift */ = {isa = PBXFileReference; lastKnownFileType = sourcecode.swift; path = Product.swift; sourceTree = "<group>"; };
		A3DA0C592B6A6C0C00B0D2F0 /* DynamicCarouselDotsView.swift */ = {isa = PBXFileReference; lastKnownFileType = sourcecode.swift; path = DynamicCarouselDotsView.swift; sourceTree = "<group>"; };
		A3DA0C5B2B6A6C6D00B0D2F0 /* DynamicDots.swift */ = {isa = PBXFileReference; lastKnownFileType = sourcecode.swift; path = DynamicDots.swift; sourceTree = "<group>"; };
		A3DA0C5D2B6A6FAA00B0D2F0 /* CartViewModel.swift */ = {isa = PBXFileReference; lastKnownFileType = sourcecode.swift; path = CartViewModel.swift; sourceTree = "<group>"; };
/* End PBXFileReference section */

/* Begin PBXFrameworksBuildPhase section */
		A3DA0C2C2B6A101800B0D2F0 /* Frameworks */ = {
			isa = PBXFrameworksBuildPhase;
			buildActionMask = 2147483647;
			files = (
			);
			runOnlyForDeploymentPostprocessing = 0;
		};
/* End PBXFrameworksBuildPhase section */

/* Begin PBXGroup section */
		A31DAA312B712B2A00C6FBDD /* UseCases */ = {
			isa = PBXGroup;
			children = (
				A31DAA322B712B4300C6FBDD /* FetchAllProductsUseCase.swift */,
			);
			path = UseCases;
			sourceTree = "<group>";
		};
		A31DAA342B712B5900C6FBDD /* Repository */ = {
			isa = PBXGroup;
			children = (
				A31DAA352B712B6600C6FBDD /* ProductRepository.swift */,
			);
			path = Repository;
			sourceTree = "<group>";
		};
		A31DAA3A2B712CDA00C6FBDD /* Entity */ = {
			isa = PBXGroup;
			children = (
				A31DAA382B712BF300C6FBDD /* FetchAllProductsResponse.swift */,
			);
			path = Entity;
			sourceTree = "<group>";
		};
		A31DAA3B2B712CEE00C6FBDD /* Interface */ = {
			isa = PBXGroup;
			children = (
				A31DAA3C2B712CFB00C6FBDD /* PProductRepository.swift */,
			);
			path = Interface;
			sourceTree = "<group>";
		};
		A32023C72B709646001627AE /* ProductDetails */ = {
			isa = PBXGroup;
			children = (
				A32023C82B709659001627AE /* ProductDetailsView.swift */,
			);
			path = ProductDetails;
			sourceTree = "<group>";
		};
		A37FB25A2B6CADB900F6414D /* Support */ = {
			isa = PBXGroup;
			children = (
				A37FB25B2B6CADC700F6414D /* KeyVariables.swift */,
				A39CC8002B70B12F0002CE28 /* Haptics.swift */,
			);
			path = Support;
			sourceTree = "<group>";
		};
		A39CC8022B70B4DB0002CE28 /* AllProducts */ = {
			isa = PBXGroup;
			children = (
			);
			path = AllProducts;
			sourceTree = "<group>";
		};
		A39CC8082B70DC6D0002CE28 /* SwiftData */ = {
			isa = PBXGroup;
			children = (
				A39CC8092B70DC790002CE28 /* ProductModel.swift */,
			);
			path = SwiftData;
			sourceTree = "<group>";
		};
		A3DA0C262B6A101800B0D2F0 = {
			isa = PBXGroup;
			children = (
				A3DA0C312B6A101800B0D2F0 /* Furniture App */,
				A3DA0C302B6A101800B0D2F0 /* Products */,
			);
			sourceTree = "<group>";
		};
		A3DA0C302B6A101800B0D2F0 /* Products */ = {
			isa = PBXGroup;
			children = (
				A3DA0C2F2B6A101800B0D2F0 /* Furniture App.app */,
			);
			name = Products;
			sourceTree = "<group>";
		};
		A3DA0C312B6A101800B0D2F0 /* Furniture App */ = {
			isa = PBXGroup;
			children = (
				A3DA0C422B6A132100B0D2F0 /* Domain */,
				A3DA0C412B6A131B00B0D2F0 /* Data */,
				A3DA0C402B6A131000B0D2F0 /* Presentation */,
				A37FB25A2B6CADB900F6414D /* Support */,
				A3DA0C322B6A101800B0D2F0 /* Furniture_AppApp.swift */,
				A3DA0C342B6A101800B0D2F0 /* ContentView.swift */,
				A3DA0C362B6A101900B0D2F0 /* Assets.xcassets */,
				A3DA0C382B6A101900B0D2F0 /* Preview Content */,
			);
			path = "Furniture App";
			sourceTree = "<group>";
		};
		A3DA0C382B6A101900B0D2F0 /* Preview Content */ = {
			isa = PBXGroup;
			children = (
				A3DA0C392B6A101900B0D2F0 /* Preview Assets.xcassets */,
			);
			path = "Preview Content";
			sourceTree = "<group>";
		};
		A3DA0C402B6A131000B0D2F0 /* Presentation */ = {
			isa = PBXGroup;
			children = (
				A3DA0C432B6A133300B0D2F0 /* MainViews */,
				A3DA0C442B6A134200B0D2F0 /* SupportingViews */,
			);
			path = Presentation;
			sourceTree = "<group>";
		};
		A3DA0C412B6A131B00B0D2F0 /* Data */ = {
			isa = PBXGroup;
			children = (
				A31DAA342B712B5900C6FBDD /* Repository */,
				A39CC8082B70DC6D0002CE28 /* SwiftData */,
				A3DA0C562B6A64EC00B0D2F0 /* Model */,
			);
			path = Data;
			sourceTree = "<group>";
		};
		A3DA0C422B6A132100B0D2F0 /* Domain */ = {
			isa = PBXGroup;
			children = (
				A31DAA3B2B712CEE00C6FBDD /* Interface */,
				A31DAA3A2B712CDA00C6FBDD /* Entity */,
				A31DAA312B712B2A00C6FBDD /* UseCases */,
			);
			path = Domain;
			sourceTree = "<group>";
		};
		A3DA0C432B6A133300B0D2F0 /* MainViews */ = {
			isa = PBXGroup;
			children = (
				A3DA0C452B6A135A00B0D2F0 /* HomeTabBar */,
				A32023C72B709646001627AE /* ProductDetails */,
				A39CC8022B70B4DB0002CE28 /* AllProducts */,
			);
			path = MainViews;
			sourceTree = "<group>";
		};
		A3DA0C442B6A134200B0D2F0 /* SupportingViews */ = {
			isa = PBXGroup;
			children = (
				A3DA0C592B6A6C0C00B0D2F0 /* DynamicCarouselDotsView.swift */,
				A3DA0C5B2B6A6C6D00B0D2F0 /* DynamicDots.swift */,
				A37FB2582B6CAD7400F6414D /* ProductCardView.swift */,
				A37FB25D2B6CC31000F6414D /* CartProductView.swift */,
				A31DAA402B720F1500C6FBDD /* RadioButtonView.swift */,
			);
			path = SupportingViews;
			sourceTree = "<group>";
		};
		A3DA0C452B6A135A00B0D2F0 /* HomeTabBar */ = {
			isa = PBXGroup;
			children = (
				A3DA0C462B6A137C00B0D2F0 /* Tab.swift */,
				A3DA0C482B6A14C300B0D2F0 /* TabBarView.swift */,
				A3DA0C4A2B6A1B8500B0D2F0 /* Home */,
				A3DA0C4B2B6A1B8F00B0D2F0 /* AllFurnitures */,
				A3DA0C4C2B6A1B9800B0D2F0 /* Cart */,
				A3DA0C4D2B6A1B9F00B0D2F0 /* Profile */,
			);
			path = HomeTabBar;
			sourceTree = "<group>";
		};
		A3DA0C4A2B6A1B8500B0D2F0 /* Home */ = {
			isa = PBXGroup;
			children = (
				A3DA0C4E2B6A1BAC00B0D2F0 /* HomeView.swift */,
				A32023C52B709357001627AE /* HomeViewModel.swift */,
			);
			path = Home;
			sourceTree = "<group>";
		};
		A3DA0C4B2B6A1B8F00B0D2F0 /* AllFurnitures */ = {
			isa = PBXGroup;
			children = (
				A39CC8032B70B4EF0002CE28 /* AllFurnituresView.swift */,
			);
			path = AllFurnitures;
			sourceTree = "<group>";
		};
		A3DA0C4C2B6A1B9800B0D2F0 /* Cart */ = {
			isa = PBXGroup;
			children = (
				A3DA0C522B6A1BDE00B0D2F0 /* CartView.swift */,
				A3DA0C5D2B6A6FAA00B0D2F0 /* CartViewModel.swift */,
				A31DAA3E2B720BB900C6FBDD /* CartCheckoutView.swift */,
			);
			path = Cart;
			sourceTree = "<group>";
		};
		A3DA0C4D2B6A1B9F00B0D2F0 /* Profile */ = {
			isa = PBXGroup;
			children = (
				A3DA0C542B6A1BE800B0D2F0 /* ProfileView.swift */,
			);
			path = Profile;
			sourceTree = "<group>";
		};
		A3DA0C562B6A64EC00B0D2F0 /* Model */ = {
			isa = PBXGroup;
			children = (
				A3DA0C572B6A64F700B0D2F0 /* Product.swift */,
				A31DAA422B72185B00C6FBDD /* PaymentMethod.swift */,
			);
			path = Model;
			sourceTree = "<group>";
		};
/* End PBXGroup section */

/* Begin PBXNativeTarget section */
		A3DA0C2E2B6A101800B0D2F0 /* Furniture App */ = {
			isa = PBXNativeTarget;
			buildConfigurationList = A3DA0C3D2B6A101900B0D2F0 /* Build configuration list for PBXNativeTarget "Furniture App" */;
			buildPhases = (
				A3DA0C2B2B6A101800B0D2F0 /* Sources */,
				A3DA0C2C2B6A101800B0D2F0 /* Frameworks */,
				A3DA0C2D2B6A101800B0D2F0 /* Resources */,
			);
			buildRules = (
			);
			dependencies = (
			);
			name = "Furniture App";
			productName = "Furniture App";
			productReference = A3DA0C2F2B6A101800B0D2F0 /* Furniture App.app */;
			productType = "com.apple.product-type.application";
		};
/* End PBXNativeTarget section */

/* Begin PBXProject section */
		A3DA0C272B6A101800B0D2F0 /* Project object */ = {
			isa = PBXProject;
			attributes = {
				BuildIndependentTargetsInParallel = 1;
				LastSwiftUpdateCheck = 1500;
				LastUpgradeCheck = 1500;
				TargetAttributes = {
					A3DA0C2E2B6A101800B0D2F0 = {
						CreatedOnToolsVersion = 15.0.1;
					};
				};
			};
			buildConfigurationList = A3DA0C2A2B6A101800B0D2F0 /* Build configuration list for PBXProject "Furniture App" */;
			compatibilityVersion = "Xcode 14.0";
			developmentRegion = en;
			hasScannedForEncodings = 0;
			knownRegions = (
				en,
				Base,
			);
			mainGroup = A3DA0C262B6A101800B0D2F0;
			productRefGroup = A3DA0C302B6A101800B0D2F0 /* Products */;
			projectDirPath = "";
			projectRoot = "";
			targets = (
				A3DA0C2E2B6A101800B0D2F0 /* Furniture App */,
			);
		};
/* End PBXProject section */

/* Begin PBXResourcesBuildPhase section */
		A3DA0C2D2B6A101800B0D2F0 /* Resources */ = {
			isa = PBXResourcesBuildPhase;
			buildActionMask = 2147483647;
			files = (
				A3DA0C3A2B6A101900B0D2F0 /* Preview Assets.xcassets in Resources */,
				A3DA0C372B6A101900B0D2F0 /* Assets.xcassets in Resources */,
			);
			runOnlyForDeploymentPostprocessing = 0;
		};
/* End PBXResourcesBuildPhase section */

/* Begin PBXSourcesBuildPhase section */
		A3DA0C2B2B6A101800B0D2F0 /* Sources */ = {
			isa = PBXSourcesBuildPhase;
			buildActionMask = 2147483647;
			files = (
				A39CC8012B70B12F0002CE28 /* Haptics.swift in Sources */,
				A3DA0C5E2B6A6FAA00B0D2F0 /* CartViewModel.swift in Sources */,
				A31DAA3D2B712CFB00C6FBDD /* PProductRepository.swift in Sources */,
				A3DA0C552B6A1BE800B0D2F0 /* ProfileView.swift in Sources */,
				A31DAA3F2B720BB900C6FBDD /* CartCheckoutView.swift in Sources */,
				A3DA0C472B6A137C00B0D2F0 /* Tab.swift in Sources */,
				A32023C62B709357001627AE /* HomeViewModel.swift in Sources */,
				A31DAA332B712B4300C6FBDD /* FetchAllProductsUseCase.swift in Sources */,
				A3DA0C582B6A64F700B0D2F0 /* Product.swift in Sources */,
				A3DA0C5A2B6A6C0C00B0D2F0 /* DynamicCarouselDotsView.swift in Sources */,
				A39CC8042B70B4EF0002CE28 /* AllFurnituresView.swift in Sources */,
				A3DA0C532B6A1BDE00B0D2F0 /* CartView.swift in Sources */,
				A3DA0C352B6A101800B0D2F0 /* ContentView.swift in Sources */,
				A31DAA362B712B6600C6FBDD /* ProductRepository.swift in Sources */,
				A39CC80A2B70DC790002CE28 /* ProductModel.swift in Sources */,
				A37FB25C2B6CADC700F6414D /* KeyVariables.swift in Sources */,
				A3DA0C5C2B6A6C6D00B0D2F0 /* DynamicDots.swift in Sources */,
				A32023C92B709659001627AE /* ProductDetailsView.swift in Sources */,
				A3DA0C492B6A14C300B0D2F0 /* TabBarView.swift in Sources */,
				A31DAA412B720F1500C6FBDD /* RadioButtonView.swift in Sources */,
				A3DA0C4F2B6A1BAC00B0D2F0 /* HomeView.swift in Sources */,
				A31DAA392B712BF300C6FBDD /* FetchAllProductsResponse.swift in Sources */,
				A37FB25E2B6CC31000F6414D /* CartProductView.swift in Sources */,
				A37FB2592B6CAD7400F6414D /* ProductCardView.swift in Sources */,
				A3DA0C332B6A101800B0D2F0 /* Furniture_AppApp.swift in Sources */,
				A31DAA432B72185B00C6FBDD /* PaymentMethod.swift in Sources */,
			);
			runOnlyForDeploymentPostprocessing = 0;
		};
/* End PBXSourcesBuildPhase section */

/* Begin XCBuildConfiguration section */
		A3DA0C3B2B6A101900B0D2F0 /* Debug */ = {
			isa = XCBuildConfiguration;
			buildSettings = {
				ALWAYS_SEARCH_USER_PATHS = NO;
				ASSETCATALOG_COMPILER_GENERATE_SWIFT_ASSET_SYMBOL_EXTENSIONS = YES;
				CLANG_ANALYZER_NONNULL = YES;
				CLANG_ANALYZER_NUMBER_OBJECT_CONVERSION = YES_AGGRESSIVE;
				CLANG_CXX_LANGUAGE_STANDARD = "gnu++20";
				CLANG_ENABLE_MODULES = YES;
				CLANG_ENABLE_OBJC_ARC = YES;
				CLANG_ENABLE_OBJC_WEAK = YES;
				CLANG_WARN_BLOCK_CAPTURE_AUTORELEASING = YES;
				CLANG_WARN_BOOL_CONVERSION = YES;
				CLANG_WARN_COMMA = YES;
				CLANG_WARN_CONSTANT_CONVERSION = YES;
				CLANG_WARN_DEPRECATED_OBJC_IMPLEMENTATIONS = YES;
				CLANG_WARN_DIRECT_OBJC_ISA_USAGE = YES_ERROR;
				CLANG_WARN_DOCUMENTATION_COMMENTS = YES;
				CLANG_WARN_EMPTY_BODY = YES;
				CLANG_WARN_ENUM_CONVERSION = YES;
				CLANG_WARN_INFINITE_RECURSION = YES;
				CLANG_WARN_INT_CONVERSION = YES;
				CLANG_WARN_NON_LITERAL_NULL_CONVERSION = YES;
				CLANG_WARN_OBJC_IMPLICIT_RETAIN_SELF = YES;
				CLANG_WARN_OBJC_LITERAL_CONVERSION = YES;
				CLANG_WARN_OBJC_ROOT_CLASS = YES_ERROR;
				CLANG_WARN_QUOTED_INCLUDE_IN_FRAMEWORK_HEADER = YES;
				CLANG_WARN_RANGE_LOOP_ANALYSIS = YES;
				CLANG_WARN_STRICT_PROTOTYPES = YES;
				CLANG_WARN_SUSPICIOUS_MOVE = YES;
				CLANG_WARN_UNGUARDED_AVAILABILITY = YES_AGGRESSIVE;
				CLANG_WARN_UNREACHABLE_CODE = YES;
				CLANG_WARN__DUPLICATE_METHOD_MATCH = YES;
				COPY_PHASE_STRIP = NO;
				DEBUG_INFORMATION_FORMAT = dwarf;
				ENABLE_STRICT_OBJC_MSGSEND = YES;
				ENABLE_TESTABILITY = YES;
				ENABLE_USER_SCRIPT_SANDBOXING = YES;
				GCC_C_LANGUAGE_STANDARD = gnu17;
				GCC_DYNAMIC_NO_PIC = NO;
				GCC_NO_COMMON_BLOCKS = YES;
				GCC_OPTIMIZATION_LEVEL = 0;
				GCC_PREPROCESSOR_DEFINITIONS = (
					"DEBUG=1",
					"$(inherited)",
				);
				GCC_WARN_64_TO_32_BIT_CONVERSION = YES;
				GCC_WARN_ABOUT_RETURN_TYPE = YES_ERROR;
				GCC_WARN_UNDECLARED_SELECTOR = YES;
				GCC_WARN_UNINITIALIZED_AUTOS = YES_AGGRESSIVE;
				GCC_WARN_UNUSED_FUNCTION = YES;
				GCC_WARN_UNUSED_VARIABLE = YES;
				IPHONEOS_DEPLOYMENT_TARGET = 17.0;
				LOCALIZATION_PREFERS_STRING_CATALOGS = YES;
				MTL_ENABLE_DEBUG_INFO = INCLUDE_SOURCE;
				MTL_FAST_MATH = YES;
				ONLY_ACTIVE_ARCH = YES;
				SDKROOT = iphoneos;
				SWIFT_ACTIVE_COMPILATION_CONDITIONS = "DEBUG $(inherited)";
				SWIFT_OPTIMIZATION_LEVEL = "-Onone";
			};
			name = Debug;
		};
		A3DA0C3C2B6A101900B0D2F0 /* Release */ = {
			isa = XCBuildConfiguration;
			buildSettings = {
				ALWAYS_SEARCH_USER_PATHS = NO;
				ASSETCATALOG_COMPILER_GENERATE_SWIFT_ASSET_SYMBOL_EXTENSIONS = YES;
				CLANG_ANALYZER_NONNULL = YES;
				CLANG_ANALYZER_NUMBER_OBJECT_CONVERSION = YES_AGGRESSIVE;
				CLANG_CXX_LANGUAGE_STANDARD = "gnu++20";
				CLANG_ENABLE_MODULES = YES;
				CLANG_ENABLE_OBJC_ARC = YES;
				CLANG_ENABLE_OBJC_WEAK = YES;
				CLANG_WARN_BLOCK_CAPTURE_AUTORELEASING = YES;
				CLANG_WARN_BOOL_CONVERSION = YES;
				CLANG_WARN_COMMA = YES;
				CLANG_WARN_CONSTANT_CONVERSION = YES;
				CLANG_WARN_DEPRECATED_OBJC_IMPLEMENTATIONS = YES;
				CLANG_WARN_DIRECT_OBJC_ISA_USAGE = YES_ERROR;
				CLANG_WARN_DOCUMENTATION_COMMENTS = YES;
				CLANG_WARN_EMPTY_BODY = YES;
				CLANG_WARN_ENUM_CONVERSION = YES;
				CLANG_WARN_INFINITE_RECURSION = YES;
				CLANG_WARN_INT_CONVERSION = YES;
				CLANG_WARN_NON_LITERAL_NULL_CONVERSION = YES;
				CLANG_WARN_OBJC_IMPLICIT_RETAIN_SELF = YES;
				CLANG_WARN_OBJC_LITERAL_CONVERSION = YES;
				CLANG_WARN_OBJC_ROOT_CLASS = YES_ERROR;
				CLANG_WARN_QUOTED_INCLUDE_IN_FRAMEWORK_HEADER = YES;
				CLANG_WARN_RANGE_LOOP_ANALYSIS = YES;
				CLANG_WARN_STRICT_PROTOTYPES = YES;
				CLANG_WARN_SUSPICIOUS_MOVE = YES;
				CLANG_WARN_UNGUARDED_AVAILABILITY = YES_AGGRESSIVE;
				CLANG_WARN_UNREACHABLE_CODE = YES;
				CLANG_WARN__DUPLICATE_METHOD_MATCH = YES;
				COPY_PHASE_STRIP = NO;
				DEBUG_INFORMATION_FORMAT = "dwarf-with-dsym";
				ENABLE_NS_ASSERTIONS = NO;
				ENABLE_STRICT_OBJC_MSGSEND = YES;
				ENABLE_USER_SCRIPT_SANDBOXING = YES;
				GCC_C_LANGUAGE_STANDARD = gnu17;
				GCC_NO_COMMON_BLOCKS = YES;
				GCC_WARN_64_TO_32_BIT_CONVERSION = YES;
				GCC_WARN_ABOUT_RETURN_TYPE = YES_ERROR;
				GCC_WARN_UNDECLARED_SELECTOR = YES;
				GCC_WARN_UNINITIALIZED_AUTOS = YES_AGGRESSIVE;
				GCC_WARN_UNUSED_FUNCTION = YES;
				GCC_WARN_UNUSED_VARIABLE = YES;
				IPHONEOS_DEPLOYMENT_TARGET = 17.0;
				LOCALIZATION_PREFERS_STRING_CATALOGS = YES;
				MTL_ENABLE_DEBUG_INFO = NO;
				MTL_FAST_MATH = YES;
				SDKROOT = iphoneos;
				SWIFT_COMPILATION_MODE = wholemodule;
				VALIDATE_PRODUCT = YES;
			};
			name = Release;
		};
		A3DA0C3E2B6A101900B0D2F0 /* Debug */ = {
			isa = XCBuildConfiguration;
			buildSettings = {
				ASSETCATALOG_COMPILER_APPICON_NAME = AppIcon;
				ASSETCATALOG_COMPILER_GLOBAL_ACCENT_COLOR_NAME = AccentColor;
				CODE_SIGN_STYLE = Automatic;
				CURRENT_PROJECT_VERSION = 1;
				DEVELOPMENT_ASSET_PATHS = "\"Furniture App/Preview Content\"";
				DEVELOPMENT_TEAM = 4B485XW35X;
				ENABLE_PREVIEWS = YES;
				GENERATE_INFOPLIST_FILE = YES;
				INFOPLIST_KEY_LSApplicationCategoryType = "public.app-category.shopping";
				INFOPLIST_KEY_UIApplicationSceneManifest_Generation = YES;
				INFOPLIST_KEY_UIApplicationSupportsIndirectInputEvents = YES;
				INFOPLIST_KEY_UILaunchScreen_Generation = YES;
				INFOPLIST_KEY_UISupportedInterfaceOrientations_iPad = "UIInterfaceOrientationPortrait UIInterfaceOrientationPortraitUpsideDown UIInterfaceOrientationLandscapeLeft UIInterfaceOrientationLandscapeRight";
				INFOPLIST_KEY_UISupportedInterfaceOrientations_iPhone = "UIInterfaceOrientationPortrait UIInterfaceOrientationLandscapeLeft UIInterfaceOrientationLandscapeRight";
				LD_RUNPATH_SEARCH_PATHS = (
					"$(inherited)",
					"@executable_path/Frameworks",
				);
				MARKETING_VERSION = 1.0;
				PRODUCT_BUNDLE_IDENTIFIER = com.KingSlayer.FurnitureApp;
				PRODUCT_NAME = "$(TARGET_NAME)";
				SUPPORTED_PLATFORMS = "iphoneos iphonesimulator";
				SUPPORTS_MACCATALYST = NO;
				SUPPORTS_MAC_DESIGNED_FOR_IPHONE_IPAD = NO;
				SWIFT_EMIT_LOC_STRINGS = YES;
				SWIFT_VERSION = 5.0;
				TARGETED_DEVICE_FAMILY = 1;
			};
			name = Debug;
		};
		A3DA0C3F2B6A101900B0D2F0 /* Release */ = {
			isa = XCBuildConfiguration;
			buildSettings = {
				ASSETCATALOG_COMPILER_APPICON_NAME = AppIcon;
				ASSETCATALOG_COMPILER_GLOBAL_ACCENT_COLOR_NAME = AccentColor;
				CODE_SIGN_STYLE = Automatic;
				CURRENT_PROJECT_VERSION = 1;
				DEVELOPMENT_ASSET_PATHS = "\"Furniture App/Preview Content\"";
				DEVELOPMENT_TEAM = 4B485XW35X;
				ENABLE_PREVIEWS = YES;
				GENERATE_INFOPLIST_FILE = YES;
				INFOPLIST_KEY_LSApplicationCategoryType = "public.app-category.shopping";
				INFOPLIST_KEY_UIApplicationSceneManifest_Generation = YES;
				INFOPLIST_KEY_UIApplicationSupportsIndirectInputEvents = YES;
				INFOPLIST_KEY_UILaunchScreen_Generation = YES;
				INFOPLIST_KEY_UISupportedInterfaceOrientations_iPad = "UIInterfaceOrientationPortrait UIInterfaceOrientationPortraitUpsideDown UIInterfaceOrientationLandscapeLeft UIInterfaceOrientationLandscapeRight";
				INFOPLIST_KEY_UISupportedInterfaceOrientations_iPhone = "UIInterfaceOrientationPortrait UIInterfaceOrientationLandscapeLeft UIInterfaceOrientationLandscapeRight";
				LD_RUNPATH_SEARCH_PATHS = (
					"$(inherited)",
					"@executable_path/Frameworks",
				);
				MARKETING_VERSION = 1.0;
				PRODUCT_BUNDLE_IDENTIFIER = com.KingSlayer.FurnitureApp;
				PRODUCT_NAME = "$(TARGET_NAME)";
				SUPPORTED_PLATFORMS = "iphoneos iphonesimulator";
				SUPPORTS_MACCATALYST = NO;
				SUPPORTS_MAC_DESIGNED_FOR_IPHONE_IPAD = NO;
				SWIFT_EMIT_LOC_STRINGS = YES;
				SWIFT_VERSION = 5.0;
				TARGETED_DEVICE_FAMILY = 1;
			};
			name = Release;
		};
/* End XCBuildConfiguration section */

/* Begin XCConfigurationList section */
		A3DA0C2A2B6A101800B0D2F0 /* Build configuration list for PBXProject "Furniture App" */ = {
			isa = XCConfigurationList;
			buildConfigurations = (
				A3DA0C3B2B6A101900B0D2F0 /* Debug */,
				A3DA0C3C2B6A101900B0D2F0 /* Release */,
			);
			defaultConfigurationIsVisible = 0;
			defaultConfigurationName = Release;
		};
		A3DA0C3D2B6A101900B0D2F0 /* Build configuration list for PBXNativeTarget "Furniture App" */ = {
			isa = XCConfigurationList;
			buildConfigurations = (
				A3DA0C3E2B6A101900B0D2F0 /* Debug */,
				A3DA0C3F2B6A101900B0D2F0 /* Release */,
			);
			defaultConfigurationIsVisible = 0;
			defaultConfigurationName = Release;
		};
/* End XCConfigurationList section */
	};
	rootObject = A3DA0C272B6A101800B0D2F0 /* Project object */;
}
